{
    "_readme": [
        "This file locks the dependencies of your project to a known state",
        "Read more about it at https://getcomposer.org/doc/01-basic-usage.md#composer-lock-the-lock-file",
        "This file is @generated automatically"
    ],
    "content-hash": "3823bb44b78281cec5082487f7f00f7e",
    "packages": [
        {
            "name": "joetannenbaum/alfred-workflow",
            "version": "0.1.0",
            "source": {
                "type": "git",
                "url": "https://github.com/joetannenbaum/alfred-workflow.git",
                "reference": "2fef46b2f5368b8fb9793712b1b438163b2851bf"
            },
            "dist": {
                "type": "zip",
                "url": "https://api.github.com/repos/joetannenbaum/alfred-workflow/zipball/2fef46b2f5368b8fb9793712b1b438163b2851bf",
                "reference": "2fef46b2f5368b8fb9793712b1b438163b2851bf",
                "shasum": ""
            },
            "require": {
                "php": ">=5.4.0"
            },
            "require-dev": {
                "phpunit/phpunit": "^5.3|~4.8"
            },
            "type": "library",
            "autoload": {
                "psr-4": {
                    "Alfred\\Workflows\\": "src/"
                }
            },
            "notification-url": "https://packagist.org/downloads/",
            "license": [
                "MIT"
            ],
            "authors": [
                {
                    "name": "Joe Tannenbaum",
                    "email": "joe@joe.codes"
                }
            ],
            "description": "PHP helper for creating Alfred Workflows.",
            "time": "2016-05-19T20:46:01+00:00"
        }
    ],
    "packages-dev": [],
    "aliases": [],
    "minimum-stability": "stable",
    "stability-flags": [],
    "prefer-stable": false,
    "prefer-lowest": false,
    "platform": [],
    "platform-dev": []
}
